{
  "name": "kogecoin-ui-1",
  "lockfileVersion": 2,
  "requires": true,
  "packages": {
    "": {
      "dependencies": {
        "inter-ui": "^3.19.3"
      }
    },
    "node_modules/inter-ui": {
      "version": "3.19.3",
      "resolved": "https://registry.npmjs.org/inter-ui/-/inter-ui-3.19.3.tgz",
      "integrity": "sha512-5FG9fjuYOXocIfjzcCBhICL5cpvwEetseL3FU6tP3d6Bn7g8wODhB+I9RNGRTizCT7CUG4GOK54OPxqq3msQgg=="
    }
  },
  "dependencies": {
    "inter-ui": {
      "version": "3.19.3",
      "resolved": "https://registry.npmjs.org/inter-ui/-/inter-ui-3.19.3.tgz",
      "integrity": "sha512-5FG9fjuYOXocIfjzcCBhICL5cpvwEetseL3FU6tP3d6Bn7g8wODhB+I9RNGRTizCT7CUG4GOK54OPxqq3msQgg=="
    }
  }
}
