# THIS IS AN AUTOGENERATED FILE. DO NOT EDIT THIS FILE DIRECTLY.
# yarn lockfile v1


"inter-ui@^3.19.3":
  "integrity" "sha512-5FG9fjuYOXocIfjzcCBhICL5cpvwEetseL3FU6tP3d6Bn7g8wODhB+I9RNGRTizCT7CUG4GOK54OPxqq3msQgg=="
  "resolved" "https://registry.npmjs.org/inter-ui/-/inter-ui-3.19.3.tgz"
  "version" "3.19.3"
